
Microsoft Visual Studio Solution File, Format Version 12.00
# Visual Studio Version 16
VisualStudioVersion = 16.0.29215.179
MinimumVisualStudioVersion = 10.0.40219.1
Project("{FAE04EC0-301F-11D3-BF4B-00C04F79EFBC}") = "EjercicioPromedioNotas", "EjercicioPromedioNotas\EjercicioPromedioNotas.csproj", "{75822B2A-33A4-436B-9D23-B5D1F347D56A}"
EndProject
Global
	GlobalSection(SolutionConfigurationPlatforms) = preSolution
		Debug|Any CPU = Debug|Any CPU
		Release|Any CPU = Release|Any CPU
	EndGlobalSection
	GlobalSection(ProjectConfigurationPlatforms) = postSolution
		{75822B2A-33A4-436B-9D23-B5D1F347D56A}.Debug|Any CPU.ActiveCfg = Debug|Any CPU
		{75822B2A-33A4-436B-9D23-B5D1F347D56A}.Debug|Any CPU.Build.0 = Debug|Any CPU
		{75822B2A-33A4-436B-9D23-B5D1F347D56A}.Release|Any CPU.ActiveCfg = Release|Any CPU
		{75822B2A-33A4-436B-9D23-B5D1F347D56A}.Release|Any CPU.Build.0 = Release|Any CPU
	EndGlobalSection
	GlobalSection(SolutionProperties) = preSolution
		HideSolutionNode = FALSE
	EndGlobalSection
	GlobalSection(ExtensibilityGlobals) = postSolution
		SolutionGuid = {B660C630-4C94-470C-A311-2ECB11914FC7}
	EndGlobalSection
EndGlobal
